
Microsoft Visual Studio Solution File, Format Version 12.00
# Visual Studio Version 17
VisualStudioVersion = 17.1.32328.378
MinimumVisualStudioVersion = 10.0.40219.1
Project("{FAE04EC0-301F-11D3-BF4B-00C04F79EFBC}") = "TestWork", "TestWork\TestWork.csproj", "{9F29800A-82D0-4084-BD58-21479F659A1A}"
EndProject
Global
	GlobalSection(SolutionConfigurationPlatforms) = preSolution
		Debug|Any CPU = Debug|Any CPU
		Release|Any CPU = Release|Any CPU
	EndGlobalSection
	GlobalSection(ProjectConfigurationPlatforms) = postSolution
		{9F29800A-82D0-4084-BD58-21479F659A1A}.Debug|Any CPU.ActiveCfg = Debug|Any CPU
		{9F29800A-82D0-4084-BD58-21479F659A1A}.Debug|Any CPU.Build.0 = Debug|Any CPU
		{9F29800A-82D0-4084-BD58-21479F659A1A}.Release|Any CPU.ActiveCfg = Release|Any CPU
		{9F29800A-82D0-4084-BD58-21479F659A1A}.Release|Any CPU.Build.0 = Release|Any CPU
	EndGlobalSection
	GlobalSection(SolutionProperties) = preSolution
		HideSolutionNode = FALSE
	EndGlobalSection
	GlobalSection(ExtensibilityGlobals) = postSolution
		SolutionGuid = {9A37D4A9-9BD8-49E2-B829-8C6C16CADA04}
	EndGlobalSection
EndGlobal
